// !$*UTF8*$!
{
	archiveVersion = 1;
	classes = {
	};
	objectVersion = 56;
	objects = {

/* Begin PBXBuildFile section */
		6F385DC12BAF15C800FDACE9 /* crimsonInterfaceApp.swift in Sources */ = {isa = PBXBuildFile; fileRef = 6F385DC02BAF15C800FDACE9 /* crimsonInterfaceApp.swift */; };
		6F385DC32BAF15C800FDACE9 /* ContentView.swift in Sources */ = {isa = PBXBuildFile; fileRef = 6F385DC22BAF15C800FDACE9 /* ContentView.swift */; };
		6F385DC52BAF15CA00FDACE9 /* Assets.xcassets in Resources */ = {isa = PBXBuildFile; fileRef = 6F385DC42BAF15CA00FDACE9 /* Assets.xcassets */; };
		6F385DC82BAF15CA00FDACE9 /* Preview Assets.xcassets in Resources */ = {isa = PBXBuildFile; fileRef = 6F385DC72BAF15CA00FDACE9 /* Preview Assets.xcassets */; };
		6F385DD22BAF15CA00FDACE9 /* crimsonInterfaceTests.swift in Sources */ = {isa = PBXBuildFile; fileRef = 6F385DD12BAF15CA00FDACE9 /* crimsonInterfaceTests.swift */; };
		6F385DDC2BAF15CA00FDACE9 /* crimsonInterfaceUITests.swift in Sources */ = {isa = PBXBuildFile; fileRef = 6F385DDB2BAF15CA00FDACE9 /* crimsonInterfaceUITests.swift */; };
		6F385DDE2BAF15CA00FDACE9 /* crimsonInterfaceUITestsLaunchTests.swift in Sources */ = {isa = PBXBuildFile; fileRef = 6F385DDD2BAF15CA00FDACE9 /* crimsonInterfaceUITestsLaunchTests.swift */; };
/* End PBXBuildFile section */

/* Begin PBXContainerItemProxy section */
		6F385DCE2BAF15CA00FDACE9 /* PBXContainerItemProxy */ = {
			isa = PBXContainerItemProxy;
			containerPortal = 6F385DB52BAF15C800FDACE9 /* Project object */;
			proxyType = 1;
			remoteGlobalIDString = 6F385DBC2BAF15C800FDACE9;
			remoteInfo = crimsonInterface;
		};
		6F385DD82BAF15CA00FDACE9 /* PBXContainerItemProxy */ = {
			isa = PBXContainerItemProxy;
			containerPortal = 6F385DB52BAF15C800FDACE9 /* Project object */;
			proxyType = 1;
			remoteGlobalIDString = 6F385DBC2BAF15C800FDACE9;
			remoteInfo = crimsonInterface;
		};
/* End PBXContainerItemProxy section */

/* Begin PBXFileReference section */
		6F385DBD2BAF15C800FDACE9 /* crimsonInterface.app */ = {isa = PBXFileReference; explicitFileType = wrapper.application; includeInIndex = 0; path = crimsonInterface.app; sourceTree = BUILT_PRODUCTS_DIR; };
		6F385DC02BAF15C800FDACE9 /* crimsonInterfaceApp.swift */ = {isa = PBXFileReference; lastKnownFileType = sourcecode.swift; path = crimsonInterfaceApp.swift; sourceTree = "<group>"; };
		6F385DC22BAF15C800FDACE9 /* ContentView.swift */ = {isa = PBXFileReference; lastKnownFileType = sourcecode.swift; path = ContentView.swift; sourceTree = "<group>"; };
		6F385DC42BAF15CA00FDACE9 /* Assets.xcassets */ = {isa = PBXFileReference; lastKnownFileType = folder.assetcatalog; path = Assets.xcassets; sourceTree = "<group>"; };
		6F385DC72BAF15CA00FDACE9 /* Preview Assets.xcassets */ = {isa = PBXFileReference; lastKnownFileType = folder.assetcatalog; path = "Preview Assets.xcassets"; sourceTree = "<group>"; };
		6F385DCD2BAF15CA00FDACE9 /* crimsonInterfaceTests.xctest */ = {isa = PBXFileReference; explicitFileType = wrapper.cfbundle; includeInIndex = 0; path = crimsonInterfaceTests.xctest; sourceTree = BUILT_PRODUCTS_DIR; };
		6F385DD12BAF15CA00FDACE9 /* crimsonInterfaceTests.swift */ = {isa = PBXFileReference; lastKnownFileType = sourcecode.swift; path = crimsonInterfaceTests.swift; sourceTree = "<group>"; };
		6F385DD72BAF15CA00FDACE9 /* crimsonInterfaceUITests.xctest */ = {isa = PBXFileReference; explicitFileType = wrapper.cfbundle; includeInIndex = 0; path = crimsonInterfaceUITests.xctest; sourceTree = BUILT_PRODUCTS_DIR; };
		6F385DDB2BAF15CA00FDACE9 /* crimsonInterfaceUITests.swift */ = {isa = PBXFileReference; lastKnownFileType = sourcecode.swift; path = crimsonInterfaceUITests.swift; sourceTree = "<group>"; };
		6F385DDD2BAF15CA00FDACE9 /* crimsonInterfaceUITestsLaunchTests.swift */ = {isa = PBXFileReference; lastKnownFileType = sourcecode.swift; path = crimsonInterfaceUITestsLaunchTests.swift; sourceTree = "<group>"; };
/* End PBXFileReference section */

/* Begin PBXFrameworksBuildPhase section */
		6F385DBA2BAF15C800FDACE9 /* Frameworks */ = {
			isa = PBXFrameworksBuildPhase;
			buildActionMask = 2147483647;
			files = (
			);
			runOnlyForDeploymentPostprocessing = 0;
		};
		6F385DCA2BAF15CA00FDACE9 /* Frameworks */ = {
			isa = PBXFrameworksBuildPhase;
			buildActionMask = 2147483647;
			files = (
			);
			runOnlyForDeploymentPostprocessing = 0;
		};
		6F385DD42BAF15CA00FDACE9 /* Frameworks */ = {
			isa = PBXFrameworksBuildPhase;
			buildActionMask = 2147483647;
			files = (
			);
			runOnlyForDeploymentPostprocessing = 0;
		};
/* End PBXFrameworksBuildPhase section */

/* Begin PBXGroup section */
		6F385DB42BAF15C800FDACE9 = {
			isa = PBXGroup;
			children = (
				6F385DBF2BAF15C800FDACE9 /* crimsonInterface */,
				6F385DD02BAF15CA00FDACE9 /* crimsonInterfaceTests */,
				6F385DDA2BAF15CA00FDACE9 /* crimsonInterfaceUITests */,
				6F385DBE2BAF15C800FDACE9 /* Products */,
			);
			sourceTree = "<group>";
		};
		6F385DBE2BAF15C800FDACE9 /* Products */ = {
			isa = PBXGroup;
			children = (
				6F385DBD2BAF15C800FDACE9 /* crimsonInterface.app */,
				6F385DCD2BAF15CA00FDACE9 /* crimsonInterfaceTests.xctest */,
				6F385DD72BAF15CA00FDACE9 /* crimsonInterfaceUITests.xctest */,
			);
			name = Products;
			sourceTree = "<group>";
		};
		6F385DBF2BAF15C800FDACE9 /* crimsonInterface */ = {
			isa = PBXGroup;
			children = (
				6F385DC02BAF15C800FDACE9 /* crimsonInterfaceApp.swift */,
				6F385DC22BAF15C800FDACE9 /* ContentView.swift */,
				6F385DC42BAF15CA00FDACE9 /* Assets.xcassets */,
				6F385DC62BAF15CA00FDACE9 /* Preview Content */,
			);
			path = crimsonInterface;
			sourceTree = "<group>";
		};
		6F385DC62BAF15CA00FDACE9 /* Preview Content */ = {
			isa = PBXGroup;
			children = (
				6F385DC72BAF15CA00FDACE9 /* Preview Assets.xcassets */,
			);
			path = "Preview Content";
			sourceTree = "<group>";
		};
		6F385DD02BAF15CA00FDACE9 /* crimsonInterfaceTests */ = {
			isa = PBXGroup;
			children = (
				6F385DD12BAF15CA00FDACE9 /* crimsonInterfaceTests.swift */,
			);
			path = crimsonInterfaceTests;
			sourceTree = "<group>";
		};
		6F385DDA2BAF15CA00FDACE9 /* crimsonInterfaceUITests */ = {
			isa = PBXGroup;
			children = (
				6F385DDB2BAF15CA00FDACE9 /* crimsonInterfaceUITests.swift */,
				6F385DDD2BAF15CA00FDACE9 /* crimsonInterfaceUITestsLaunchTests.swift */,
			);
			path = crimsonInterfaceUITests;
			sourceTree = "<group>";
		};
/* End PBXGroup section */

/* Begin PBXNativeTarget section */
		6F385DBC2BAF15C800FDACE9 /* crimsonInterface */ = {
			isa = PBXNativeTarget;
			buildConfigurationList = 6F385DE12BAF15CA00FDACE9 /* Build configuration list for PBXNativeTarget "crimsonInterface" */;
			buildPhases = (
				6F385DB92BAF15C800FDACE9 /* Sources */,
				6F385DBA2BAF15C800FDACE9 /* Frameworks */,
				6F385DBB2BAF15C800FDACE9 /* Resources */,
			);
			buildRules = (
			);
			dependencies = (
			);
			name = crimsonInterface;
			productName = crimsonInterface;
			productReference = 6F385DBD2BAF15C800FDACE9 /* crimsonInterface.app */;
			productType = "com.apple.product-type.application";
		};
		6F385DCC2BAF15CA00FDACE9 /* crimsonInterfaceTests */ = {
			isa = PBXNativeTarget;
			buildConfigurationList = 6F385DE42BAF15CA00FDACE9 /* Build configuration list for PBXNativeTarget "crimsonInterfaceTests" */;
			buildPhases = (
				6F385DC92BAF15CA00FDACE9 /* Sources */,
				6F385DCA2BAF15CA00FDACE9 /* Frameworks */,
				6F385DCB2BAF15CA00FDACE9 /* Resources */,
			);
			buildRules = (
			);
			dependencies = (
				6F385DCF2BAF15CA00FDACE9 /* PBXTargetDependency */,
			);
			name = crimsonInterfaceTests;
			productName = crimsonInterfaceTests;
			productReference = 6F385DCD2BAF15CA00FDACE9 /* crimsonInterfaceTests.xctest */;
			productType = "com.apple.product-type.bundle.unit-test";
		};
		6F385DD62BAF15CA00FDACE9 /* crimsonInterfaceUITests */ = {
			isa = PBXNativeTarget;
			buildConfigurationList = 6F385DE72BAF15CA00FDACE9 /* Build configuration list for PBXNativeTarget "crimsonInterfaceUITests" */;
			buildPhases = (
				6F385DD32BAF15CA00FDACE9 /* Sources */,
				6F385DD42BAF15CA00FDACE9 /* Frameworks */,
				6F385DD52BAF15CA00FDACE9 /* Resources */,
			);
			buildRules = (
			);
			dependencies = (
				6F385DD92BAF15CA00FDACE9 /* PBXTargetDependency */,
			);
			name = crimsonInterfaceUITests;
			productName = crimsonInterfaceUITests;
			productReference = 6F385DD72BAF15CA00FDACE9 /* crimsonInterfaceUITests.xctest */;
			productType = "com.apple.product-type.bundle.ui-testing";
		};
/* End PBXNativeTarget section */

/* Begin PBXProject section */
		6F385DB52BAF15C800FDACE9 /* Project object */ = {
			isa = PBXProject;
			attributes = {
				BuildIndependentTargetsInParallel = 1;
				LastSwiftUpdateCheck = 1530;
				LastUpgradeCheck = 1530;
				TargetAttributes = {
					6F385DBC2BAF15C800FDACE9 = {
						CreatedOnToolsVersion = 15.3;
					};
					6F385DCC2BAF15CA00FDACE9 = {
						CreatedOnToolsVersion = 15.3;
						TestTargetID = 6F385DBC2BAF15C800FDACE9;
					};
					6F385DD62BAF15CA00FDACE9 = {
						CreatedOnToolsVersion = 15.3;
						TestTargetID = 6F385DBC2BAF15C800FDACE9;
					};
				};
			};
			buildConfigurationList = 6F385DB82BAF15C800FDACE9 /* Build configuration list for PBXProject "crimsonInterface" */;
			compatibilityVersion = "Xcode 14.0";
			developmentRegion = en;
			hasScannedForEncodings = 0;
			knownRegions = (
				en,
				Base,
			);
			mainGroup = 6F385DB42BAF15C800FDACE9;
			productRefGroup = 6F385DBE2BAF15C800FDACE9 /* Products */;
			projectDirPath = "";
			projectRoot = "";
			targets = (
				6F385DBC2BAF15C800FDACE9 /* crimsonInterface */,
				6F385DCC2BAF15CA00FDACE9 /* crimsonInterfaceTests */,
				6F385DD62BAF15CA00FDACE9 /* crimsonInterfaceUITests */,
			);
		};
/* End PBXProject section */

/* Begin PBXResourcesBuildPhase section */
		6F385DBB2BAF15C800FDACE9 /* Resources */ = {
			isa = PBXResourcesBuildPhase;
			buildActionMask = 2147483647;
			files = (
				6F385DC82BAF15CA00FDACE9 /* Preview Assets.xcassets in Resources */,
				6F385DC52BAF15CA00FDACE9 /* Assets.xcassets in Resources */,
			);
			runOnlyForDeploymentPostprocessing = 0;
		};
		6F385DCB2BAF15CA00FDACE9 /* Resources */ = {
			isa = PBXResourcesBuildPhase;
			buildActionMask = 2147483647;
			files = (
			);
			runOnlyForDeploymentPostprocessing = 0;
		};
		6F385DD52BAF15CA00FDACE9 /* Resources */ = {
			isa = PBXResourcesBuildPhase;
			buildActionMask = 2147483647;
			files = (
			);
			runOnlyForDeploymentPostprocessing = 0;
		};
/* End PBXResourcesBuildPhase section */

/* Begin PBXSourcesBuildPhase section */
		6F385DB92BAF15C800FDACE9 /* Sources */ = {
			isa = PBXSourcesBuildPhase;
			buildActionMask = 2147483647;
			files = (
				6F385DC32BAF15C800FDACE9 /* ContentView.swift in Sources */,
				6F385DC12BAF15C800FDACE9 /* crimsonInterfaceApp.swift in Sources */,
			);
			runOnlyForDeploymentPostprocessing = 0;
		};
		6F385DC92BAF15CA00FDACE9 /* Sources */ = {
			isa = PBXSourcesBuildPhase;
			buildActionMask = 2147483647;
			files = (
				6F385DD22BAF15CA00FDACE9 /* crimsonInterfaceTests.swift in Sources */,
			);
			runOnlyForDeploymentPostprocessing = 0;
		};
		6F385DD32BAF15CA00FDACE9 /* Sources */ = {
			isa = PBXSourcesBuildPhase;
			buildActionMask = 2147483647;
			files = (
				6F385DDE2BAF15CA00FDACE9 /* crimsonInterfaceUITestsLaunchTests.swift in Sources */,
				6F385DDC2BAF15CA00FDACE9 /* crimsonInterfaceUITests.swift in Sources */,
			);
			runOnlyForDeploymentPostprocessing = 0;
		};
/* End PBXSourcesBuildPhase section */

/* Begin PBXTargetDependency section */
		6F385DCF2BAF15CA00FDACE9 /* PBXTargetDependency */ = {
			isa = PBXTargetDependency;
			target = 6F385DBC2BAF15C800FDACE9 /* crimsonInterface */;
			targetProxy = 6F385DCE2BAF15CA00FDACE9 /* PBXContainerItemProxy */;
		};
		6F385DD92BAF15CA00FDACE9 /* PBXTargetDependency */ = {
			isa = PBXTargetDependency;
			target = 6F385DBC2BAF15C800FDACE9 /* crimsonInterface */;
			targetProxy = 6F385DD82BAF15CA00FDACE9 /* PBXContainerItemProxy */;
		};
/* End PBXTargetDependency section */

/* Begin XCBuildConfiguration section */
		6F385DDF2BAF15CA00FDACE9 /* Debug */ = {
			isa = XCBuildConfiguration;
			buildSettings = {
				ALWAYS_SEARCH_USER_PATHS = NO;
				ASSETCATALOG_COMPILER_GENERATE_SWIFT_ASSET_SYMBOL_EXTENSIONS = YES;
				CLANG_ANALYZER_NONNULL = YES;
				CLANG_ANALYZER_NUMBER_OBJECT_CONVERSION = YES_AGGRESSIVE;
				CLANG_CXX_LANGUAGE_STANDARD = "gnu++20";
				CLANG_ENABLE_MODULES = YES;
				CLANG_ENABLE_OBJC_ARC = YES;
				CLANG_ENABLE_OBJC_WEAK = YES;
				CLANG_WARN_BLOCK_CAPTURE_AUTORELEASING = YES;
				CLANG_WARN_BOOL_CONVERSION = YES;
				CLANG_WARN_COMMA = YES;
				CLANG_WARN_CONSTANT_CONVERSION = YES;
				CLANG_WARN_DEPRECATED_OBJC_IMPLEMENTATIONS = YES;
				CLANG_WARN_DIRECT_OBJC_ISA_USAGE = YES_ERROR;
				CLANG_WARN_DOCUMENTATION_COMMENTS = YES;
				CLANG_WARN_EMPTY_BODY = YES;
				CLANG_WARN_ENUM_CONVERSION = YES;
				CLANG_WARN_INFINITE_RECURSION = YES;
				CLANG_WARN_INT_CONVERSION = YES;
				CLANG_WARN_NON_LITERAL_NULL_CONVERSION = YES;
				CLANG_WARN_OBJC_IMPLICIT_RETAIN_SELF = YES;
				CLANG_WARN_OBJC_LITERAL_CONVERSION = YES;
				CLANG_WARN_OBJC_ROOT_CLASS = YES_ERROR;
				CLANG_WARN_QUOTED_INCLUDE_IN_FRAMEWORK_HEADER = YES;
				CLANG_WARN_RANGE_LOOP_ANALYSIS = YES;
				CLANG_WARN_STRICT_PROTOTYPES = YES;
				CLANG_WARN_SUSPICIOUS_MOVE = YES;
				CLANG_WARN_UNGUARDED_AVAILABILITY = YES_AGGRESSIVE;
				CLANG_WARN_UNREACHABLE_CODE = YES;
				CLANG_WARN__DUPLICATE_METHOD_MATCH = YES;
				COPY_PHASE_STRIP = NO;
				DEBUG_INFORMATION_FORMAT = dwarf;
				ENABLE_STRICT_OBJC_MSGSEND = YES;
				ENABLE_TESTABILITY = YES;
				ENABLE_USER_SCRIPT_SANDBOXING = YES;
				GCC_C_LANGUAGE_STANDARD = gnu17;
				GCC_DYNAMIC_NO_PIC = NO;
				GCC_NO_COMMON_BLOCKS = YES;
				GCC_OPTIMIZATION_LEVEL = 0;
				GCC_PREPROCESSOR_DEFINITIONS = (
					"DEBUG=1",
					"$(inherited)",
				);
				GCC_WARN_64_TO_32_BIT_CONVERSION = YES;
				GCC_WARN_ABOUT_RETURN_TYPE = YES_ERROR;
				GCC_WARN_UNDECLARED_SELECTOR = YES;
				GCC_WARN_UNINITIALIZED_AUTOS = YES_AGGRESSIVE;
				GCC_WARN_UNUSED_FUNCTION = YES;
				GCC_WARN_UNUSED_VARIABLE = YES;
				IPHONEOS_DEPLOYMENT_TARGET = 17.4;
				LOCALIZATION_PREFERS_STRING_CATALOGS = YES;
				MTL_ENABLE_DEBUG_INFO = INCLUDE_SOURCE;
				MTL_FAST_MATH = YES;
				ONLY_ACTIVE_ARCH = YES;
				SDKROOT = iphoneos;
				SWIFT_ACTIVE_COMPILATION_CONDITIONS = "DEBUG $(inherited)";
				SWIFT_OPTIMIZATION_LEVEL = "-Onone";
			};
			name = Debug;
		};
		6F385DE02BAF15CA00FDACE9 /* Release */ = {
			isa = XCBuildConfiguration;
			buildSettings = {
				ALWAYS_SEARCH_USER_PATHS = NO;
				ASSETCATALOG_COMPILER_GENERATE_SWIFT_ASSET_SYMBOL_EXTENSIONS = YES;
				CLANG_ANALYZER_NONNULL = YES;
				CLANG_ANALYZER_NUMBER_OBJECT_CONVERSION = YES_AGGRESSIVE;
				CLANG_CXX_LANGUAGE_STANDARD = "gnu++20";
				CLANG_ENABLE_MODULES = YES;
				CLANG_ENABLE_OBJC_ARC = YES;
				CLANG_ENABLE_OBJC_WEAK = YES;
				CLANG_WARN_BLOCK_CAPTURE_AUTORELEASING = YES;
				CLANG_WARN_BOOL_CONVERSION = YES;
				CLANG_WARN_COMMA = YES;
				CLANG_WARN_CONSTANT_CONVERSION = YES;
				CLANG_WARN_DEPRECATED_OBJC_IMPLEMENTATIONS = YES;
				CLANG_WARN_DIRECT_OBJC_ISA_USAGE = YES_ERROR;
				CLANG_WARN_DOCUMENTATION_COMMENTS = YES;
				CLANG_WARN_EMPTY_BODY = YES;
				CLANG_WARN_ENUM_CONVERSION = YES;
				CLANG_WARN_INFINITE_RECURSION = YES;
				CLANG_WARN_INT_CONVERSION = YES;
				CLANG_WARN_NON_LITERAL_NULL_CONVERSION = YES;
				CLANG_WARN_OBJC_IMPLICIT_RETAIN_SELF = YES;
				CLANG_WARN_OBJC_LITERAL_CONVERSION = YES;
				CLANG_WARN_OBJC_ROOT_CLASS = YES_ERROR;
				CLANG_WARN_QUOTED_INCLUDE_IN_FRAMEWORK_HEADER = YES;
				CLANG_WARN_RANGE_LOOP_ANALYSIS = YES;
				CLANG_WARN_STRICT_PROTOTYPES = YES;
				CLANG_WARN_SUSPICIOUS_MOVE = YES;
				CLANG_WARN_UNGUARDED_AVAILABILITY = YES_AGGRESSIVE;
				CLANG_WARN_UNREACHABLE_CODE = YES;
				CLANG_WARN__DUPLICATE_METHOD_MATCH = YES;
				COPY_PHASE_STRIP = NO;
				DEBUG_INFORMATION_FORMAT = "dwarf-with-dsym";
				ENABLE_NS_ASSERTIONS = NO;
				ENABLE_STRICT_OBJC_MSGSEND = YES;
				ENABLE_USER_SCRIPT_SANDBOXING = YES;
				GCC_C_LANGUAGE_STANDARD = gnu17;
				GCC_NO_COMMON_BLOCKS = YES;
				GCC_WARN_64_TO_32_BIT_CONVERSION = YES;
				GCC_WARN_ABOUT_RETURN_TYPE = YES_ERROR;
				GCC_WARN_UNDECLARED_SELECTOR = YES;
				GCC_WARN_UNINITIALIZED_AUTOS = YES_AGGRESSIVE;
				GCC_WARN_UNUSED_FUNCTION = YES;
				GCC_WARN_UNUSED_VARIABLE = YES;
				IPHONEOS_DEPLOYMENT_TARGET = 17.4;
				LOCALIZATION_PREFERS_STRING_CATALOGS = YES;
				MTL_ENABLE_DEBUG_INFO = NO;
				MTL_FAST_MATH = YES;
				SDKROOT = iphoneos;
				SWIFT_COMPILATION_MODE = wholemodule;
				VALIDATE_PRODUCT = YES;
			};
			name = Release;
		};
		6F385DE22BAF15CA00FDACE9 /* Debug */ = {
			isa = XCBuildConfiguration;
			buildSettings = {
				ASSETCATALOG_COMPILER_APPICON_NAME = AppIcon;
				ASSETCATALOG_COMPILER_GLOBAL_ACCENT_COLOR_NAME = AccentColor;
				CODE_SIGN_STYLE = Automatic;
				CURRENT_PROJECT_VERSION = 1;
				DEVELOPMENT_ASSET_PATHS = "\"crimsonInterface/Preview Content\"";
				DEVELOPMENT_TEAM = CNNHNU83SZ;
				ENABLE_PREVIEWS = YES;
				GENERATE_INFOPLIST_FILE = YES;
				INFOPLIST_KEY_UIApplicationSceneManifest_Generation = YES;
				INFOPLIST_KEY_UIApplicationSupportsIndirectInputEvents = YES;
				INFOPLIST_KEY_UILaunchScreen_Generation = YES;
				INFOPLIST_KEY_UISupportedInterfaceOrientations_iPad = "UIInterfaceOrientationPortrait UIInterfaceOrientationPortraitUpsideDown UIInterfaceOrientationLandscapeLeft UIInterfaceOrientationLandscapeRight";
				INFOPLIST_KEY_UISupportedInterfaceOrientations_iPhone = "UIInterfaceOrientationPortrait UIInterfaceOrientationLandscapeLeft UIInterfaceOrientationLandscapeRight";
				LD_RUNPATH_SEARCH_PATHS = (
					"$(inherited)",
					"@executable_path/Frameworks",
				);
				MARKETING_VERSION = 1.0;
				PRODUCT_BUNDLE_IDENTIFIER = com.crimsondevteam.crimsonInterface;
				PRODUCT_NAME = "$(TARGET_NAME)";
				SWIFT_EMIT_LOC_STRINGS = YES;
				SWIFT_VERSION = 5.0;
				TARGETED_DEVICE_FAMILY = "1,2";
			};
			name = Debug;
		};
		6F385DE32BAF15CA00FDACE9 /* Release */ = {
			isa = XCBuildConfiguration;
			buildSettings = {
				ASSETCATALOG_COMPILER_APPICON_NAME = AppIcon;
				ASSETCATALOG_COMPILER_GLOBAL_ACCENT_COLOR_NAME = AccentColor;
				CODE_SIGN_STYLE = Automatic;
				CURRENT_PROJECT_VERSION = 1;
				DEVELOPMENT_ASSET_PATHS = "\"crimsonInterface/Preview Content\"";
				DEVELOPMENT_TEAM = CNNHNU83SZ;
				ENABLE_PREVIEWS = YES;
				GENERATE_INFOPLIST_FILE = YES;
				INFOPLIST_KEY_UIApplicationSceneManifest_Generation = YES;
				INFOPLIST_KEY_UIApplicationSupportsIndirectInputEvents = YES;
				INFOPLIST_KEY_UILaunchScreen_Generation = YES;
				INFOPLIST_KEY_UISupportedInterfaceOrientations_iPad = "UIInterfaceOrientationPortrait UIInterfaceOrientationPortraitUpsideDown UIInterfaceOrientationLandscapeLeft UIInterfaceOrientationLandscapeRight";
				INFOPLIST_KEY_UISupportedInterfaceOrientations_iPhone = "UIInterfaceOrientationPortrait UIInterfaceOrientationLandscapeLeft UIInterfaceOrientationLandscapeRight";
				LD_RUNPATH_SEARCH_PATHS = (
					"$(inherited)",
					"@executable_path/Frameworks",
				);
				MARKETING_VERSION = 1.0;
				PRODUCT_BUNDLE_IDENTIFIER = com.crimsondevteam.crimsonInterface;
				PRODUCT_NAME = "$(TARGET_NAME)";
				SWIFT_EMIT_LOC_STRINGS = YES;
				SWIFT_VERSION = 5.0;
				TARGETED_DEVICE_FAMILY = "1,2";
			};
			name = Release;
		};
		6F385DE52BAF15CA00FDACE9 /* Debug */ = {
			isa = XCBuildConfiguration;
			buildSettings = {
				ALWAYS_EMBED_SWIFT_STANDARD_LIBRARIES = YES;
				BUNDLE_LOADER = "$(TEST_HOST)";
				CODE_SIGN_STYLE = Automatic;
				CURRENT_PROJECT_VERSION = 1;
				DEVELOPMENT_TEAM = CNNHNU83SZ;
				GENERATE_INFOPLIST_FILE = YES;
				IPHONEOS_DEPLOYMENT_TARGET = 17.4;
				MARKETING_VERSION = 1.0;
				PRODUCT_BUNDLE_IDENTIFIER = com.crimsondevteam.crimsonInterfaceTests;
				PRODUCT_NAME = "$(TARGET_NAME)";
				SWIFT_EMIT_LOC_STRINGS = NO;
				SWIFT_VERSION = 5.0;
				TARGETED_DEVICE_FAMILY = "1,2";
				TEST_HOST = "$(BUILT_PRODUCTS_DIR)/crimsonInterface.app/$(BUNDLE_EXECUTABLE_FOLDER_PATH)/crimsonInterface";
			};
			name = Debug;
		};
		6F385DE62BAF15CA00FDACE9 /* Release */ = {
			isa = XCBuildConfiguration;
			buildSettings = {
				ALWAYS_EMBED_SWIFT_STANDARD_LIBRARIES = YES;
				BUNDLE_LOADER = "$(TEST_HOST)";
				CODE_SIGN_STYLE = Automatic;
				CURRENT_PROJECT_VERSION = 1;
				DEVELOPMENT_TEAM = CNNHNU83SZ;
				GENERATE_INFOPLIST_FILE = YES;
				IPHONEOS_DEPLOYMENT_TARGET = 17.4;
				MARKETING_VERSION = 1.0;
				PRODUCT_BUNDLE_IDENTIFIER = com.crimsondevteam.crimsonInterfaceTests;
				PRODUCT_NAME = "$(TARGET_NAME)";
				SWIFT_EMIT_LOC_STRINGS = NO;
				SWIFT_VERSION = 5.0;
				TARGETED_DEVICE_FAMILY = "1,2";
				TEST_HOST = "$(BUILT_PRODUCTS_DIR)/crimsonInterface.app/$(BUNDLE_EXECUTABLE_FOLDER_PATH)/crimsonInterface";
			};
			name = Release;
		};
		6F385DE82BAF15CA00FDACE9 /* Debug */ = {
			isa = XCBuildConfiguration;
			buildSettings = {
				ALWAYS_EMBED_SWIFT_STANDARD_LIBRARIES = YES;
				CODE_SIGN_STYLE = Automatic;
				CURRENT_PROJECT_VERSION = 1;
				DEVELOPMENT_TEAM = CNNHNU83SZ;
				GENERATE_INFOPLIST_FILE = YES;
				MARKETING_VERSION = 1.0;
				PRODUCT_BUNDLE_IDENTIFIER = com.crimsondevteam.crimsonInterfaceUITests;
				PRODUCT_NAME = "$(TARGET_NAME)";
				SWIFT_EMIT_LOC_STRINGS = NO;
				SWIFT_VERSION = 5.0;
				TARGETED_DEVICE_FAMILY = "1,2";
				TEST_TARGET_NAME = crimsonInterface;
			};
			name = Debug;
		};
		6F385DE92BAF15CA00FDACE9 /* Release */ = {
			isa = XCBuildConfiguration;
			buildSettings = {
				ALWAYS_EMBED_SWIFT_STANDARD_LIBRARIES = YES;
				CODE_SIGN_STYLE = Automatic;
				CURRENT_PROJECT_VERSION = 1;
				DEVELOPMENT_TEAM = CNNHNU83SZ;
				GENERATE_INFOPLIST_FILE = YES;
				MARKETING_VERSION = 1.0;
				PRODUCT_BUNDLE_IDENTIFIER = com.crimsondevteam.crimsonInterfaceUITests;
				PRODUCT_NAME = "$(TARGET_NAME)";
				SWIFT_EMIT_LOC_STRINGS = NO;
				SWIFT_VERSION = 5.0;
				TARGETED_DEVICE_FAMILY = "1,2";
				TEST_TARGET_NAME = crimsonInterface;
			};
			name = Release;
		};
/* End XCBuildConfiguration section */

/* Begin XCConfigurationList section */
		6F385DB82BAF15C800FDACE9 /* Build configuration list for PBXProject "crimsonInterface" */ = {
			isa = XCConfigurationList;
			buildConfigurations = (
				6F385DDF2BAF15CA00FDACE9 /* Debug */,
				6F385DE02BAF15CA00FDACE9 /* Release */,
			);
			defaultConfigurationIsVisible = 0;
			defaultConfigurationName = Release;
		};
		6F385DE12BAF15CA00FDACE9 /* Build configuration list for PBXNativeTarget "crimsonInterface" */ = {
			isa = XCConfigurationList;
			buildConfigurations = (
				6F385DE22BAF15CA00FDACE9 /* Debug */,
				6F385DE32BAF15CA00FDACE9 /* Release */,
			);
			defaultConfigurationIsVisible = 0;
			defaultConfigurationName = Release;
		};
		6F385DE42BAF15CA00FDACE9 /* Build configuration list for PBXNativeTarget "crimsonInterfaceTests" */ = {
			isa = XCConfigurationList;
			buildConfigurations = (
				6F385DE52BAF15CA00FDACE9 /* Debug */,
				6F385DE62BAF15CA00FDACE9 /* Release */,
			);
			defaultConfigurationIsVisible = 0;
			defaultConfigurationName = Release;
		};
		6F385DE72BAF15CA00FDACE9 /* Build configuration list for PBXNativeTarget "crimsonInterfaceUITests" */ = {
			isa = XCConfigurationList;
			buildConfigurations = (
				6F385DE82BAF15CA00FDACE9 /* Debug */,
				6F385DE92BAF15CA00FDACE9 /* Release */,
			);
			defaultConfigurationIsVisible = 0;
			defaultConfigurationName = Release;
		};
/* End XCConfigurationList section */
	};
	rootObject = 6F385DB52BAF15C800FDACE9 /* Project object */;
}
